
Microsoft Visual Studio Solution File, Format Version 12.00
# Visual Studio Version 17
VisualStudioVersion = 17.2.32505.173
MinimumVisualStudioVersion = 10.0.40219.1
Project("{9A19103F-16F7-4668-BE54-9A1E7A4F7556}") = "AbbeyWeb", "AbbeyWeb\AbbeyWeb.csproj", "{62506612-E99D-41FC-B470-C16768272E24}"
EndProject
Global
	GlobalSection(SolutionConfigurationPlatforms) = preSolution
		Debug|Any CPU = Debug|Any CPU
		Release|Any CPU = Release|Any CPU
	EndGlobalSection
	GlobalSection(ProjectConfigurationPlatforms) = postSolution
		{62506612-E99D-41FC-B470-C16768272E24}.Debug|Any CPU.ActiveCfg = Debug|Any CPU
		{62506612-E99D-41FC-B470-C16768272E24}.Debug|Any CPU.Build.0 = Debug|Any CPU
		{62506612-E99D-41FC-B470-C16768272E24}.Release|Any CPU.ActiveCfg = Release|Any CPU
		{62506612-E99D-41FC-B470-C16768272E24}.Release|Any CPU.Build.0 = Release|Any CPU
	EndGlobalSection
	GlobalSection(SolutionProperties) = preSolution
		HideSolutionNode = FALSE
	EndGlobalSection
	GlobalSection(ExtensibilityGlobals) = postSolution
		SolutionGuid = {E2C43948-AE5E-4526-9C29-7FA5A7D67BC1}
	EndGlobalSection
EndGlobal
